{
  "requires": true,
  "lockfileVersion": 1,
  "dependencies": {
    "paper": {
      "version": "0.12.7",
      "resolved": "https://registry.npmjs.org/paper/-/paper-0.12.7.tgz",
      "integrity": "sha512-vaSTibdFAp4aVfCXmetxnPYkoGPMDQA1JPFKPCL76RnNOCoTm36nTj4SsfjBMfVeUFr94sbMGnPEBKjQnHzd3w=="
    }
  }
}
